
Microsoft Visual Studio Solution File, Format Version 12.00
# Visual Studio Version 16
VisualStudioVersion = 16.0.31205.134
MinimumVisualStudioVersion = 10.0.40219.1
Project("{FAE04EC0-301F-11D3-BF4B-00C04F79EFBC}") = "PrimeNumberApps", "PrimeNumberApps\PrimeNumberApps.csproj", "{D570FCB8-1EB7-49CA-B155-F3373A93F612}"
EndProject
Global
	GlobalSection(SolutionConfigurationPlatforms) = preSolution
		Debug|Any CPU = Debug|Any CPU
		Release|Any CPU = Release|Any CPU
	EndGlobalSection
	GlobalSection(ProjectConfigurationPlatforms) = postSolution
		{D570FCB8-1EB7-49CA-B155-F3373A93F612}.Debug|Any CPU.ActiveCfg = Debug|Any CPU
		{D570FCB8-1EB7-49CA-B155-F3373A93F612}.Debug|Any CPU.Build.0 = Debug|Any CPU
		{D570FCB8-1EB7-49CA-B155-F3373A93F612}.Release|Any CPU.ActiveCfg = Release|Any CPU
		{D570FCB8-1EB7-49CA-B155-F3373A93F612}.Release|Any CPU.Build.0 = Release|Any CPU
	EndGlobalSection
	GlobalSection(SolutionProperties) = preSolution
		HideSolutionNode = FALSE
	EndGlobalSection
	GlobalSection(ExtensibilityGlobals) = postSolution
		SolutionGuid = {811E13D2-8A7B-4180-BBAC-760D3784C5B4}
	EndGlobalSection
EndGlobal
